
Microsoft Visual Studio Solution File, Format Version 12.00
# Visual Studio 15
VisualStudioVersion = 15.0.27130.2036
MinimumVisualStudioVersion = 10.0.40219.1
Project("{2150E333-8FDC-42A3-9474-1A3956D46DE8}") = "01 kintamieji", "01 kintamieji", "{8D0B52A0-4C48-4BCC-91B9-BD40B9E57DF1}"
EndProject
Project("{2150E333-8FDC-42A3-9474-1A3956D46DE8}") = "02 isvedimas", "02 isvedimas", "{88FEF62E-FF1B-4342-B4B6-689A1580C1F5}"
EndProject
Project("{2150E333-8FDC-42A3-9474-1A3956D46DE8}") = "03 aritmetiniai veiksmai", "03 aritmetiniai veiksmai", "{51FEC42B-4525-477B-A25A-CD20AFCBD2CB}"
EndProject
Project("{2150E333-8FDC-42A3-9474-1A3956D46DE8}") = "04 ivedimas", "04 ivedimas", "{E22D5685-5829-4461-A6F7-99A3395E255F}"
EndProject
Project("{FAE04EC0-301F-11D3-BF4B-00C04F79EFBC}") = "1-1 uzduotis", "1-1 uzduotis\1-1 uzduotis.csproj", "{8EA4BCC3-BAF7-4DFE-B866-D56E1DB6B21E}"
EndProject
Project("{FAE04EC0-301F-11D3-BF4B-00C04F79EFBC}") = "2-1 uzduotis", "2-1 uzduotis\2-1 uzduotis.csproj", "{65114288-C2ED-4BE9-AC85-5092B3BA56EE}"
EndProject
Project("{FAE04EC0-301F-11D3-BF4B-00C04F79EFBC}") = "2-2 uzduotis", "2-2 uzduotis\2-2 uzduotis.csproj", "{33F30B01-5F4B-4B4E-B383-D2FEDC5A1490}"
EndProject
Project("{FAE04EC0-301F-11D3-BF4B-00C04F79EFBC}") = "2-3 uzduotis", "2-3 uzduotis\2-3 uzduotis.csproj", "{3FE993FD-0EB1-41F3-8205-55B96460BF96}"
EndProject
Project("{FAE04EC0-301F-11D3-BF4B-00C04F79EFBC}") = "2-4 uzduotis", "2-4 uzduotis\2-4 uzduotis.csproj", "{58C6F629-3067-4384-92A6-C0FA5047E699}"
EndProject
Project("{FAE04EC0-301F-11D3-BF4B-00C04F79EFBC}") = "2-5 uzduotis", "2-5 uzduotis\2-5 uzduotis.csproj", "{854F79E2-B64F-4A75-8885-0F0C33E12759}"
EndProject
Project("{FAE04EC0-301F-11D3-BF4B-00C04F79EFBC}") = "2-6 uzduotis", "2-6 uzduotis\2-6 uzduotis.csproj", "{579624A6-B2AF-4C5B-8303-BBC3B8FE4CAA}"
EndProject
Project("{FAE04EC0-301F-11D3-BF4B-00C04F79EFBC}") = "3-1 uzduotis", "3-1 uzduotis\3-1 uzduotis.csproj", "{C62FA4A1-D2E9-470C-A4D8-F28D4645A245}"
EndProject
Project("{FAE04EC0-301F-11D3-BF4B-00C04F79EFBC}") = "3-2 uzduotis", "3-2 uzduotis\3-2 uzduotis.csproj", "{92B8D435-6CEB-4E34-B150-664FFDA6F23F}"
EndProject
Project("{FAE04EC0-301F-11D3-BF4B-00C04F79EFBC}") = "3-3 uzduotis", "3-3 uzduotis\3-3 uzduotis.csproj", "{B6D3A59A-D600-4667-BA23-38B054A8264E}"
EndProject
Project("{FAE04EC0-301F-11D3-BF4B-00C04F79EFBC}") = "3-4 uzduotis", "3-4 uzduotis\3-4 uzduotis.csproj", "{B1647D54-40D6-49F5-A710-EF46C35AF3FB}"
EndProject
Project("{FAE04EC0-301F-11D3-BF4B-00C04F79EFBC}") = "3-5 uzduotis", "3-5 uzduotis\3-5 uzduotis.csproj", "{D463A82D-C9C3-45A7-87C1-A457B715C872}"
EndProject
Project("{FAE04EC0-301F-11D3-BF4B-00C04F79EFBC}") = "3-6 uzduotis", "3-6 uzduotis\3-6 uzduotis.csproj", "{0F92E61A-40B7-4490-97E2-3B66C85FAAD1}"
EndProject
Project("{FAE04EC0-301F-11D3-BF4B-00C04F79EFBC}") = "0 testas", "0 testas\0 testas.csproj", "{B6E4D7D1-423F-4489-B8F3-C36C242943E0}"
EndProject
Project("{FAE04EC0-301F-11D3-BF4B-00C04F79EFBC}") = "4-1 uzduotis", "4-1 uzduotis\4-1 uzduotis.csproj", "{719AE190-DE83-4A8C-9582-888F916D2F5F}"
EndProject
Project("{FAE04EC0-301F-11D3-BF4B-00C04F79EFBC}") = "4-2 uzduotis", "4-2 uzduotis\4-2 uzduotis.csproj", "{049BE385-F1E7-40E9-88D3-B27C903ED408}"
EndProject
Project("{FAE04EC0-301F-11D3-BF4B-00C04F79EFBC}") = "4-5 uzduotis", "4-5 uzduotis\4-5 uzduotis.csproj", "{B882574D-02D1-42B6-9070-A9EA7313AEEF}"
EndProject
Project("{FAE04EC0-301F-11D3-BF4B-00C04F79EFBC}") = "4-6 uzduotis", "4-6 uzduotis\4-6 uzduotis.csproj", "{58B27701-3334-4A12-8DAF-48530F408C70}"
EndProject
Project("{FAE04EC0-301F-11D3-BF4B-00C04F79EFBC}") = "4-7 uzduotis", "4-7 uzduotis\4-7 uzduotis.csproj", "{A46218F2-6369-405A-A818-D85B97217A21}"
EndProject
Project("{2150E333-8FDC-42A3-9474-1A3956D46DE8}") = "05 if salyga", "05 if salyga", "{37217281-23B6-4BD1-A84A-9B327EEE1CB3}"
EndProject
Project("{FAE04EC0-301F-11D3-BF4B-00C04F79EFBC}") = "Pavyzdys", "Pavyzdys\Pavyzdys.csproj", "{1CCDE1FD-5E0A-423B-8E3F-9EE5D019FE36}"
EndProject
Project("{FAE04EC0-301F-11D3-BF4B-00C04F79EFBC}") = "5-2 uzduotis", "5-2 uzduotis\5-2 uzduotis.csproj", "{DE2E5C20-312B-4B09-B26E-B21C4A9957EC}"
EndProject
Project("{FAE04EC0-301F-11D3-BF4B-00C04F79EFBC}") = "5-3 uzduotis", "5-3 uzduotis\5-3 uzduotis.csproj", "{61BAD027-2C70-4BE2-BE49-6720B3C83733}"
EndProject
Project("{FAE04EC0-301F-11D3-BF4B-00C04F79EFBC}") = "5-4 uzduotis", "5-4 uzduotis\5-4 uzduotis.csproj", "{62D2E7AB-9690-4698-8235-376C0E7986AB}"
EndProject
Project("{FAE04EC0-301F-11D3-BF4B-00C04F79EFBC}") = "5-5 uzduotis", "5-5 uzduotis\5-5 uzduotis.csproj", "{561F5A3B-DCC0-48ED-ACFE-652D356F5FE8}"
EndProject
Project("{FAE04EC0-301F-11D3-BF4B-00C04F79EFBC}") = "5-6 uzduotis", "5-6 uzduotis\5-6 uzduotis.csproj", "{F09DB0FE-F44E-4B91-A459-5B5A9531FF53}"
EndProject
Project("{2150E333-8FDC-42A3-9474-1A3956D46DE8}") = "07 while ciklas", "07 while ciklas", "{AEC19FD1-D46C-423A-920F-3E0871B6A27C}"
EndProject
Project("{FAE04EC0-301F-11D3-BF4B-00C04F79EFBC}") = "7-1 zuduotis", "7-1 zuduotis\7-1 zuduotis.csproj", "{30E9B1A3-3B06-4AA0-800B-472681205B44}"
EndProject
Project("{FAE04EC0-301F-11D3-BF4B-00C04F79EFBC}") = "7-2 uzduotis", "7-2 uzduotis\7-2 uzduotis.csproj", "{595B3C61-A085-4BDE-8C1C-5DDA9A0233EE}"
EndProject
Project("{FAE04EC0-301F-11D3-BF4B-00C04F79EFBC}") = "7-3 uzduotis", "7-3 uiduotis\7-3 uzduotis.csproj", "{276C5DC9-3EC1-4967-A949-67DA3CFBA751}"
EndProject
Project("{FAE04EC0-301F-11D3-BF4B-00C04F79EFBC}") = "7-4 uzduotis", "7-4 uzduotis\7-4 uzduotis.csproj", "{E6ABD03F-49EC-46CB-8811-10D15C736D22}"
EndProject
Project("{FAE04EC0-301F-11D3-BF4B-00C04F79EFBC}") = "7-5 uzduotis", "7-5 uzduotis\7-5 uzduotis.csproj", "{3C19F6DE-070D-48D2-8BC9-A93C6B5D31E2}"
EndProject
Project("{FAE04EC0-301F-11D3-BF4B-00C04F79EFBC}") = "7-6 uzduotis", "7-6 uzduotis\7-6 uzduotis.csproj", "{001A7822-AFD6-4062-9829-B1CD94A1E7F8}"
EndProject
Project("{FAE04EC0-301F-11D3-BF4B-00C04F79EFBC}") = "7-7 uzduotis", "7-7 uzduotis\7-7 uzduotis.csproj", "{00C0FB84-F51D-4555-BEE5-81B49FCF5BC7}"
EndProject
Project("{2150E333-8FDC-42A3-9474-1A3956D46DE8}") = "00 Summation of primes", "00 Summation of primes", "{2E7DA96D-AE98-424C-BE05-F3B73A4DA143}"
EndProject
Project("{FAE04EC0-301F-11D3-BF4B-00C04F79EFBC}") = "1 uzduotis", "1 uzduotis\1 uzduotis.csproj", "{38970620-52BE-4539-B9D5-678A99BC0744}"
EndProject
Project("{2150E333-8FDC-42A3-9474-1A3956D46DE8}") = "08 arrays", "08 arrays", "{27065FD3-39A9-4714-A419-7D033AA1FBC5}"
EndProject
Project("{FAE04EC0-301F-11D3-BF4B-00C04F79EFBC}") = "8-1 uzduotis", "8-1 uzduotis\8-1 uzduotis.csproj", "{DFC00264-CF84-4871-AAD5-DA9B1808813B}"
EndProject
Project("{FAE04EC0-301F-11D3-BF4B-00C04F79EFBC}") = "8-2 uzduotis", "8-2 uzduotis\8-2 uzduotis.csproj", "{E74F1F62-3740-4B13-B6D1-B862AAF1F890}"
EndProject
Project("{FAE04EC0-301F-11D3-BF4B-00C04F79EFBC}") = "8-3 uzduotis", "8-3 uzduotis\8-3 uzduotis.csproj", "{B8DFC807-1B40-4787-BA1A-897F9D155640}"
EndProject
Project("{FAE04EC0-301F-11D3-BF4B-00C04F79EFBC}") = "8-4 uzduotis", "8-4 uzduotis\8-4 uzduotis.csproj", "{9CFE887B-60B8-47F7-96C9-522F23ACF64F}"
EndProject
Project("{FAE04EC0-301F-11D3-BF4B-00C04F79EFBC}") = "8-5 uzduotis", "8-5 uzduotis\8-5 uzduotis.csproj", "{C5055B33-FBEE-49D5-96C6-7DEF3435F5BC}"
EndProject
Project("{2150E333-8FDC-42A3-9474-1A3956D46DE8}") = "09 dinamic array", "09 dinamic array", "{1E4A79D4-899E-49B3-BE88-580AF831C782}"
EndProject
Project("{FAE04EC0-301F-11D3-BF4B-00C04F79EFBC}") = "9-1 uzduotis", "9-1 uzduotis\9-1 uzduotis.csproj", "{B39D8287-1C79-4F69-8425-78F0973BC7F5}"
EndProject
Project("{FAE04EC0-301F-11D3-BF4B-00C04F79EFBC}") = "9-2 uzduotis", "9-2 uzduotis\9-2 uzduotis.csproj", "{9BE516E4-0757-4644-96B8-5C3BC1A60D62}"
EndProject
Project("{2150E333-8FDC-42A3-9474-1A3956D46DE8}") = "10 metodai", "10 metodai", "{82361BCA-B293-45DE-8D12-4DF03FFFF28D}"
EndProject
Project("{FAE04EC0-301F-11D3-BF4B-00C04F79EFBC}") = "10-1 uzduotis", "10-1 uzduotis\10-1 uzduotis.csproj", "{C7CE2C45-7C7E-4DDE-A83F-60C9CF64C862}"
EndProject
Project("{FAE04EC0-301F-11D3-BF4B-00C04F79EFBC}") = "10-2 uzduotis", "10-2 uzduotis\10-2 uzduotis.csproj", "{CDD399C4-05E6-4185-83B9-022E3BF0D5C8}"
EndProject
Project("{FAE04EC0-301F-11D3-BF4B-00C04F79EFBC}") = "10-3 uzduotis", "10-3 uzduotis\10-3 uzduotis.csproj", "{B514E163-6666-4B74-8E3D-7C0A4C2B1EC1}"
EndProject
Project("{FAE04EC0-301F-11D3-BF4B-00C04F79EFBC}") = "10-4 uzduotis", "10-4 uzduotis\10-4 uzduotis.csproj", "{0EBB59F0-BB9E-4662-B2C8-2C5EA989BD92}"
EndProject
Project("{FAE04EC0-301F-11D3-BF4B-00C04F79EFBC}") = "10-5 uzduotis", "10-5 uzduotis\10-5 uzduotis.csproj", "{4020FB80-DCDE-4C3F-933D-A4251FAA0E8B}"
EndProject
Project("{FAE04EC0-301F-11D3-BF4B-00C04F79EFBC}") = "10-6 uzduotis", "10-6 uzduotis\10-6 uzduotis.csproj", "{4FF2AF31-7498-479A-BA29-C67D853DF1C3}"
EndProject
Project("{2150E333-8FDC-42A3-9474-1A3956D46DE8}") = "11 class", "11 class", "{5D1F31AF-90F7-458A-BF2E-DB0C3C98D102}"
EndProject
Project("{FAE04EC0-301F-11D3-BF4B-00C04F79EFBC}") = "11-1 uzduotis", "11-1 uzduotis\11-1 uzduotis.csproj", "{C3BCEC17-F7F3-4A7C-B403-788EA4C30F05}"
EndProject
Project("{FAE04EC0-301F-11D3-BF4B-00C04F79EFBC}") = "11-2 uzduotis2", "11-2 uzduotis2\11-2 uzduotis2.csproj", "{F1B0CE4C-41B9-46F9-96CE-671651B975FE}"
EndProject
Project("{FAE04EC0-301F-11D3-BF4B-00C04F79EFBC}") = "11-3 uzduotis", "11-3 uzduotis\11-3 uzduotis.csproj", "{7380AF68-8ECC-4C2E-BC98-47CD3297108E}"
EndProject
Project("{FAE04EC0-301F-11D3-BF4B-00C04F79EFBC}") = "11-4 uzduotis", "11-4 uzduotis\11-4 uzduotis.csproj", "{726D78DA-A2EC-4D6F-B305-2C5865263252}"
EndProject
Project("{2150E333-8FDC-42A3-9474-1A3956D46DE8}") = "12 grafika", "12 grafika", "{E9E458A9-BD76-422B-983D-6A83FB304D54}"
EndProject
Project("{FAE04EC0-301F-11D3-BF4B-00C04F79EFBC}") = "Izanga", "Izanga\Izanga.csproj", "{B29CFDC6-AB7D-4074-98F3-C0CFEC9B4EFD}"
EndProject
Project("{FAE04EC0-301F-11D3-BF4B-00C04F79EFBC}") = "12-1 uzduotis", "12-1 uzduotis\12-1 uzduotis.csproj", "{31E01F21-F322-4A96-8D76-0F5555A55578}"
EndProject
Project("{FAE04EC0-301F-11D3-BF4B-00C04F79EFBC}") = "WindowsFormsApp1", "WindowsFormsApp1\WindowsFormsApp1.csproj", "{092B0403-342D-4DA8-82FC-613C5D028920}"
EndProject
Project("{FAE04EC0-301F-11D3-BF4B-00C04F79EFBC}") = "12-2 uzduotis", "12-2 uzduotis\12-2 uzduotis.csproj", "{18632DC1-3D50-46BC-99DA-AFA0E191387B}"
EndProject
Project("{FAE04EC0-301F-11D3-BF4B-00C04F79EFBC}") = "12-3 uzduotis", "12-3 uzduotis\12-3 uzduotis.csproj", "{9EEA7EFD-C80E-4199-8F09-E66BE722B182}"
EndProject
Project("{FAE04EC0-301F-11D3-BF4B-00C04F79EFBC}") = "12-4 uzduotis", "12-4 uzduotis\12-4 uzduotis.csproj", "{84ED4F03-9F26-4038-918A-4EB557EF6B3D}"
EndProject
Global
	GlobalSection(SolutionConfigurationPlatforms) = preSolution
		Debug|Any CPU = Debug|Any CPU
		Release|Any CPU = Release|Any CPU
	EndGlobalSection
	GlobalSection(ProjectConfigurationPlatforms) = postSolution
		{8EA4BCC3-BAF7-4DFE-B866-D56E1DB6B21E}.Debug|Any CPU.ActiveCfg = Debug|Any CPU
		{8EA4BCC3-BAF7-4DFE-B866-D56E1DB6B21E}.Debug|Any CPU.Build.0 = Debug|Any CPU
		{8EA4BCC3-BAF7-4DFE-B866-D56E1DB6B21E}.Release|Any CPU.ActiveCfg = Release|Any CPU
		{8EA4BCC3-BAF7-4DFE-B866-D56E1DB6B21E}.Release|Any CPU.Build.0 = Release|Any CPU
		{65114288-C2ED-4BE9-AC85-5092B3BA56EE}.Debug|Any CPU.ActiveCfg = Debug|Any CPU
		{65114288-C2ED-4BE9-AC85-5092B3BA56EE}.Debug|Any CPU.Build.0 = Debug|Any CPU
		{65114288-C2ED-4BE9-AC85-5092B3BA56EE}.Release|Any CPU.ActiveCfg = Release|Any CPU
		{65114288-C2ED-4BE9-AC85-5092B3BA56EE}.Release|Any CPU.Build.0 = Release|Any CPU
		{33F30B01-5F4B-4B4E-B383-D2FEDC5A1490}.Debug|Any CPU.ActiveCfg = Debug|Any CPU
		{33F30B01-5F4B-4B4E-B383-D2FEDC5A1490}.Debug|Any CPU.Build.0 = Debug|Any CPU
		{33F30B01-5F4B-4B4E-B383-D2FEDC5A1490}.Release|Any CPU.ActiveCfg = Release|Any CPU
		{33F30B01-5F4B-4B4E-B383-D2FEDC5A1490}.Release|Any CPU.Build.0 = Release|Any CPU
		{3FE993FD-0EB1-41F3-8205-55B96460BF96}.Debug|Any CPU.ActiveCfg = Debug|Any CPU
		{3FE993FD-0EB1-41F3-8205-55B96460BF96}.Debug|Any CPU.Build.0 = Debug|Any CPU
		{3FE993FD-0EB1-41F3-8205-55B96460BF96}.Release|Any CPU.ActiveCfg = Release|Any CPU
		{3FE993FD-0EB1-41F3-8205-55B96460BF96}.Release|Any CPU.Build.0 = Release|Any CPU
		{58C6F629-3067-4384-92A6-C0FA5047E699}.Debug|Any CPU.ActiveCfg = Debug|Any CPU
		{58C6F629-3067-4384-92A6-C0FA5047E699}.Debug|Any CPU.Build.0 = Debug|Any CPU
		{58C6F629-3067-4384-92A6-C0FA5047E699}.Release|Any CPU.ActiveCfg = Release|Any CPU
		{58C6F629-3067-4384-92A6-C0FA5047E699}.Release|Any CPU.Build.0 = Release|Any CPU
		{854F79E2-B64F-4A75-8885-0F0C33E12759}.Debug|Any CPU.ActiveCfg = Debug|Any CPU
		{854F79E2-B64F-4A75-8885-0F0C33E12759}.Debug|Any CPU.Build.0 = Debug|Any CPU
		{854F79E2-B64F-4A75-8885-0F0C33E12759}.Release|Any CPU.ActiveCfg = Release|Any CPU
		{854F79E2-B64F-4A75-8885-0F0C33E12759}.Release|Any CPU.Build.0 = Release|Any CPU
		{579624A6-B2AF-4C5B-8303-BBC3B8FE4CAA}.Debug|Any CPU.ActiveCfg = Debug|Any CPU
		{579624A6-B2AF-4C5B-8303-BBC3B8FE4CAA}.Debug|Any CPU.Build.0 = Debug|Any CPU
		{579624A6-B2AF-4C5B-8303-BBC3B8FE4CAA}.Release|Any CPU.ActiveCfg = Release|Any CPU
		{579624A6-B2AF-4C5B-8303-BBC3B8FE4CAA}.Release|Any CPU.Build.0 = Release|Any CPU
		{C62FA4A1-D2E9-470C-A4D8-F28D4645A245}.Debug|Any CPU.ActiveCfg = Debug|Any CPU
		{C62FA4A1-D2E9-470C-A4D8-F28D4645A245}.Debug|Any CPU.Build.0 = Debug|Any CPU
		{C62FA4A1-D2E9-470C-A4D8-F28D4645A245}.Release|Any CPU.ActiveCfg = Release|Any CPU
		{C62FA4A1-D2E9-470C-A4D8-F28D4645A245}.Release|Any CPU.Build.0 = Release|Any CPU
		{92B8D435-6CEB-4E34-B150-664FFDA6F23F}.Debug|Any CPU.ActiveCfg = Debug|Any CPU
		{92B8D435-6CEB-4E34-B150-664FFDA6F23F}.Debug|Any CPU.Build.0 = Debug|Any CPU
		{92B8D435-6CEB-4E34-B150-664FFDA6F23F}.Release|Any CPU.ActiveCfg = Release|Any CPU
		{92B8D435-6CEB-4E34-B150-664FFDA6F23F}.Release|Any CPU.Build.0 = Release|Any CPU
		{B6D3A59A-D600-4667-BA23-38B054A8264E}.Debug|Any CPU.ActiveCfg = Debug|Any CPU
		{B6D3A59A-D600-4667-BA23-38B054A8264E}.Debug|Any CPU.Build.0 = Debug|Any CPU
		{B6D3A59A-D600-4667-BA23-38B054A8264E}.Release|Any CPU.ActiveCfg = Release|Any CPU
		{B6D3A59A-D600-4667-BA23-38B054A8264E}.Release|Any CPU.Build.0 = Release|Any CPU
		{B1647D54-40D6-49F5-A710-EF46C35AF3FB}.Debug|Any CPU.ActiveCfg = Debug|Any CPU
		{B1647D54-40D6-49F5-A710-EF46C35AF3FB}.Debug|Any CPU.Build.0 = Debug|Any CPU
		{B1647D54-40D6-49F5-A710-EF46C35AF3FB}.Release|Any CPU.ActiveCfg = Release|Any CPU
		{B1647D54-40D6-49F5-A710-EF46C35AF3FB}.Release|Any CPU.Build.0 = Release|Any CPU
		{D463A82D-C9C3-45A7-87C1-A457B715C872}.Debug|Any CPU.ActiveCfg = Debug|Any CPU
		{D463A82D-C9C3-45A7-87C1-A457B715C872}.Debug|Any CPU.Build.0 = Debug|Any CPU
		{D463A82D-C9C3-45A7-87C1-A457B715C872}.Release|Any CPU.ActiveCfg = Release|Any CPU
		{D463A82D-C9C3-45A7-87C1-A457B715C872}.Release|Any CPU.Build.0 = Release|Any CPU
		{0F92E61A-40B7-4490-97E2-3B66C85FAAD1}.Debug|Any CPU.ActiveCfg = Debug|Any CPU
		{0F92E61A-40B7-4490-97E2-3B66C85FAAD1}.Debug|Any CPU.Build.0 = Debug|Any CPU
		{0F92E61A-40B7-4490-97E2-3B66C85FAAD1}.Release|Any CPU.ActiveCfg = Release|Any CPU
		{0F92E61A-40B7-4490-97E2-3B66C85FAAD1}.Release|Any CPU.Build.0 = Release|Any CPU
		{B6E4D7D1-423F-4489-B8F3-C36C242943E0}.Debug|Any CPU.ActiveCfg = Debug|Any CPU
		{B6E4D7D1-423F-4489-B8F3-C36C242943E0}.Debug|Any CPU.Build.0 = Debug|Any CPU
		{B6E4D7D1-423F-4489-B8F3-C36C242943E0}.Release|Any CPU.ActiveCfg = Release|Any CPU
		{B6E4D7D1-423F-4489-B8F3-C36C242943E0}.Release|Any CPU.Build.0 = Release|Any CPU
		{719AE190-DE83-4A8C-9582-888F916D2F5F}.Debug|Any CPU.ActiveCfg = Debug|Any CPU
		{719AE190-DE83-4A8C-9582-888F916D2F5F}.Debug|Any CPU.Build.0 = Debug|Any CPU
		{719AE190-DE83-4A8C-9582-888F916D2F5F}.Release|Any CPU.ActiveCfg = Release|Any CPU
		{719AE190-DE83-4A8C-9582-888F916D2F5F}.Release|Any CPU.Build.0 = Release|Any CPU
		{049BE385-F1E7-40E9-88D3-B27C903ED408}.Debug|Any CPU.ActiveCfg = Debug|Any CPU
		{049BE385-F1E7-40E9-88D3-B27C903ED408}.Debug|Any CPU.Build.0 = Debug|Any CPU
		{049BE385-F1E7-40E9-88D3-B27C903ED408}.Release|Any CPU.ActiveCfg = Release|Any CPU
		{049BE385-F1E7-40E9-88D3-B27C903ED408}.Release|Any CPU.Build.0 = Release|Any CPU
		{B882574D-02D1-42B6-9070-A9EA7313AEEF}.Debug|Any CPU.ActiveCfg = Debug|Any CPU
		{B882574D-02D1-42B6-9070-A9EA7313AEEF}.Debug|Any CPU.Build.0 = Debug|Any CPU
		{B882574D-02D1-42B6-9070-A9EA7313AEEF}.Release|Any CPU.ActiveCfg = Release|Any CPU
		{B882574D-02D1-42B6-9070-A9EA7313AEEF}.Release|Any CPU.Build.0 = Release|Any CPU
		{58B27701-3334-4A12-8DAF-48530F408C70}.Debug|Any CPU.ActiveCfg = Debug|Any CPU
		{58B27701-3334-4A12-8DAF-48530F408C70}.Debug|Any CPU.Build.0 = Debug|Any CPU
		{58B27701-3334-4A12-8DAF-48530F408C70}.Release|Any CPU.ActiveCfg = Release|Any CPU
		{58B27701-3334-4A12-8DAF-48530F408C70}.Release|Any CPU.Build.0 = Release|Any CPU
		{A46218F2-6369-405A-A818-D85B97217A21}.Debug|Any CPU.ActiveCfg = Debug|Any CPU
		{A46218F2-6369-405A-A818-D85B97217A21}.Debug|Any CPU.Build.0 = Debug|Any CPU
		{A46218F2-6369-405A-A818-D85B97217A21}.Release|Any CPU.ActiveCfg = Release|Any CPU
		{A46218F2-6369-405A-A818-D85B97217A21}.Release|Any CPU.Build.0 = Release|Any CPU
		{1CCDE1FD-5E0A-423B-8E3F-9EE5D019FE36}.Debug|Any CPU.ActiveCfg = Debug|Any CPU
		{1CCDE1FD-5E0A-423B-8E3F-9EE5D019FE36}.Debug|Any CPU.Build.0 = Debug|Any CPU
		{1CCDE1FD-5E0A-423B-8E3F-9EE5D019FE36}.Release|Any CPU.ActiveCfg = Release|Any CPU
		{1CCDE1FD-5E0A-423B-8E3F-9EE5D019FE36}.Release|Any CPU.Build.0 = Release|Any CPU
		{DE2E5C20-312B-4B09-B26E-B21C4A9957EC}.Debug|Any CPU.ActiveCfg = Debug|Any CPU
		{DE2E5C20-312B-4B09-B26E-B21C4A9957EC}.Debug|Any CPU.Build.0 = Debug|Any CPU
		{DE2E5C20-312B-4B09-B26E-B21C4A9957EC}.Release|Any CPU.ActiveCfg = Release|Any CPU
		{DE2E5C20-312B-4B09-B26E-B21C4A9957EC}.Release|Any CPU.Build.0 = Release|Any CPU
		{61BAD027-2C70-4BE2-BE49-6720B3C83733}.Debug|Any CPU.ActiveCfg = Debug|Any CPU
		{61BAD027-2C70-4BE2-BE49-6720B3C83733}.Debug|Any CPU.Build.0 = Debug|Any CPU
		{61BAD027-2C70-4BE2-BE49-6720B3C83733}.Release|Any CPU.ActiveCfg = Release|Any CPU
		{61BAD027-2C70-4BE2-BE49-6720B3C83733}.Release|Any CPU.Build.0 = Release|Any CPU
		{62D2E7AB-9690-4698-8235-376C0E7986AB}.Debug|Any CPU.ActiveCfg = Debug|Any CPU
		{62D2E7AB-9690-4698-8235-376C0E7986AB}.Debug|Any CPU.Build.0 = Debug|Any CPU
		{62D2E7AB-9690-4698-8235-376C0E7986AB}.Release|Any CPU.ActiveCfg = Release|Any CPU
		{62D2E7AB-9690-4698-8235-376C0E7986AB}.Release|Any CPU.Build.0 = Release|Any CPU
		{561F5A3B-DCC0-48ED-ACFE-652D356F5FE8}.Debug|Any CPU.ActiveCfg = Debug|Any CPU
		{561F5A3B-DCC0-48ED-ACFE-652D356F5FE8}.Debug|Any CPU.Build.0 = Debug|Any CPU
		{561F5A3B-DCC0-48ED-ACFE-652D356F5FE8}.Release|Any CPU.ActiveCfg = Release|Any CPU
		{561F5A3B-DCC0-48ED-ACFE-652D356F5FE8}.Release|Any CPU.Build.0 = Release|Any CPU
		{F09DB0FE-F44E-4B91-A459-5B5A9531FF53}.Debug|Any CPU.ActiveCfg = Debug|Any CPU
		{F09DB0FE-F44E-4B91-A459-5B5A9531FF53}.Debug|Any CPU.Build.0 = Debug|Any CPU
		{F09DB0FE-F44E-4B91-A459-5B5A9531FF53}.Release|Any CPU.ActiveCfg = Release|Any CPU
		{F09DB0FE-F44E-4B91-A459-5B5A9531FF53}.Release|Any CPU.Build.0 = Release|Any CPU
		{30E9B1A3-3B06-4AA0-800B-472681205B44}.Debug|Any CPU.ActiveCfg = Debug|Any CPU
		{30E9B1A3-3B06-4AA0-800B-472681205B44}.Debug|Any CPU.Build.0 = Debug|Any CPU
		{30E9B1A3-3B06-4AA0-800B-472681205B44}.Release|Any CPU.ActiveCfg = Release|Any CPU
		{30E9B1A3-3B06-4AA0-800B-472681205B44}.Release|Any CPU.Build.0 = Release|Any CPU
		{595B3C61-A085-4BDE-8C1C-5DDA9A0233EE}.Debug|Any CPU.ActiveCfg = Debug|Any CPU
		{595B3C61-A085-4BDE-8C1C-5DDA9A0233EE}.Debug|Any CPU.Build.0 = Debug|Any CPU
		{595B3C61-A085-4BDE-8C1C-5DDA9A0233EE}.Release|Any CPU.ActiveCfg = Release|Any CPU
		{595B3C61-A085-4BDE-8C1C-5DDA9A0233EE}.Release|Any CPU.Build.0 = Release|Any CPU
		{276C5DC9-3EC1-4967-A949-67DA3CFBA751}.Debug|Any CPU.ActiveCfg = Debug|Any CPU
		{276C5DC9-3EC1-4967-A949-67DA3CFBA751}.Debug|Any CPU.Build.0 = Debug|Any CPU
		{276C5DC9-3EC1-4967-A949-67DA3CFBA751}.Release|Any CPU.ActiveCfg = Release|Any CPU
		{276C5DC9-3EC1-4967-A949-67DA3CFBA751}.Release|Any CPU.Build.0 = Release|Any CPU
		{E6ABD03F-49EC-46CB-8811-10D15C736D22}.Debug|Any CPU.ActiveCfg = Debug|Any CPU
		{E6ABD03F-49EC-46CB-8811-10D15C736D22}.Debug|Any CPU.Build.0 = Debug|Any CPU
		{E6ABD03F-49EC-46CB-8811-10D15C736D22}.Release|Any CPU.ActiveCfg = Release|Any CPU
		{E6ABD03F-49EC-46CB-8811-10D15C736D22}.Release|Any CPU.Build.0 = Release|Any CPU
		{3C19F6DE-070D-48D2-8BC9-A93C6B5D31E2}.Debug|Any CPU.ActiveCfg = Debug|Any CPU
		{3C19F6DE-070D-48D2-8BC9-A93C6B5D31E2}.Debug|Any CPU.Build.0 = Debug|Any CPU
		{3C19F6DE-070D-48D2-8BC9-A93C6B5D31E2}.Release|Any CPU.ActiveCfg = Release|Any CPU
		{3C19F6DE-070D-48D2-8BC9-A93C6B5D31E2}.Release|Any CPU.Build.0 = Release|Any CPU
		{001A7822-AFD6-4062-9829-B1CD94A1E7F8}.Debug|Any CPU.ActiveCfg = Debug|Any CPU
		{001A7822-AFD6-4062-9829-B1CD94A1E7F8}.Debug|Any CPU.Build.0 = Debug|Any CPU
		{001A7822-AFD6-4062-9829-B1CD94A1E7F8}.Release|Any CPU.ActiveCfg = Release|Any CPU
		{001A7822-AFD6-4062-9829-B1CD94A1E7F8}.Release|Any CPU.Build.0 = Release|Any CPU
		{00C0FB84-F51D-4555-BEE5-81B49FCF5BC7}.Debug|Any CPU.ActiveCfg = Debug|Any CPU
		{00C0FB84-F51D-4555-BEE5-81B49FCF5BC7}.Debug|Any CPU.Build.0 = Debug|Any CPU
		{00C0FB84-F51D-4555-BEE5-81B49FCF5BC7}.Release|Any CPU.ActiveCfg = Release|Any CPU
		{00C0FB84-F51D-4555-BEE5-81B49FCF5BC7}.Release|Any CPU.Build.0 = Release|Any CPU
		{38970620-52BE-4539-B9D5-678A99BC0744}.Debug|Any CPU.ActiveCfg = Debug|Any CPU
		{38970620-52BE-4539-B9D5-678A99BC0744}.Debug|Any CPU.Build.0 = Debug|Any CPU
		{38970620-52BE-4539-B9D5-678A99BC0744}.Release|Any CPU.ActiveCfg = Release|Any CPU
		{38970620-52BE-4539-B9D5-678A99BC0744}.Release|Any CPU.Build.0 = Release|Any CPU
		{DFC00264-CF84-4871-AAD5-DA9B1808813B}.Debug|Any CPU.ActiveCfg = Debug|Any CPU
		{DFC00264-CF84-4871-AAD5-DA9B1808813B}.Debug|Any CPU.Build.0 = Debug|Any CPU
		{DFC00264-CF84-4871-AAD5-DA9B1808813B}.Release|Any CPU.ActiveCfg = Release|Any CPU
		{DFC00264-CF84-4871-AAD5-DA9B1808813B}.Release|Any CPU.Build.0 = Release|Any CPU
		{E74F1F62-3740-4B13-B6D1-B862AAF1F890}.Debug|Any CPU.ActiveCfg = Debug|Any CPU
		{E74F1F62-3740-4B13-B6D1-B862AAF1F890}.Debug|Any CPU.Build.0 = Debug|Any CPU
		{E74F1F62-3740-4B13-B6D1-B862AAF1F890}.Release|Any CPU.ActiveCfg = Release|Any CPU
		{E74F1F62-3740-4B13-B6D1-B862AAF1F890}.Release|Any CPU.Build.0 = Release|Any CPU
		{B8DFC807-1B40-4787-BA1A-897F9D155640}.Debug|Any CPU.ActiveCfg = Debug|Any CPU
		{B8DFC807-1B40-4787-BA1A-897F9D155640}.Debug|Any CPU.Build.0 = Debug|Any CPU
		{B8DFC807-1B40-4787-BA1A-897F9D155640}.Release|Any CPU.ActiveCfg = Release|Any CPU
		{B8DFC807-1B40-4787-BA1A-897F9D155640}.Release|Any CPU.Build.0 = Release|Any CPU
		{9CFE887B-60B8-47F7-96C9-522F23ACF64F}.Debug|Any CPU.ActiveCfg = Debug|Any CPU
		{9CFE887B-60B8-47F7-96C9-522F23ACF64F}.Debug|Any CPU.Build.0 = Debug|Any CPU
		{9CFE887B-60B8-47F7-96C9-522F23ACF64F}.Release|Any CPU.ActiveCfg = Release|Any CPU
		{9CFE887B-60B8-47F7-96C9-522F23ACF64F}.Release|Any CPU.Build.0 = Release|Any CPU
		{C5055B33-FBEE-49D5-96C6-7DEF3435F5BC}.Debug|Any CPU.ActiveCfg = Debug|Any CPU
		{C5055B33-FBEE-49D5-96C6-7DEF3435F5BC}.Debug|Any CPU.Build.0 = Debug|Any CPU
		{C5055B33-FBEE-49D5-96C6-7DEF3435F5BC}.Release|Any CPU.ActiveCfg = Release|Any CPU
		{C5055B33-FBEE-49D5-96C6-7DEF3435F5BC}.Release|Any CPU.Build.0 = Release|Any CPU
		{B39D8287-1C79-4F69-8425-78F0973BC7F5}.Debug|Any CPU.ActiveCfg = Debug|Any CPU
		{B39D8287-1C79-4F69-8425-78F0973BC7F5}.Debug|Any CPU.Build.0 = Debug|Any CPU
		{B39D8287-1C79-4F69-8425-78F0973BC7F5}.Release|Any CPU.ActiveCfg = Release|Any CPU
		{B39D8287-1C79-4F69-8425-78F0973BC7F5}.Release|Any CPU.Build.0 = Release|Any CPU
		{9BE516E4-0757-4644-96B8-5C3BC1A60D62}.Debug|Any CPU.ActiveCfg = Debug|Any CPU
		{9BE516E4-0757-4644-96B8-5C3BC1A60D62}.Debug|Any CPU.Build.0 = Debug|Any CPU
		{9BE516E4-0757-4644-96B8-5C3BC1A60D62}.Release|Any CPU.ActiveCfg = Release|Any CPU
		{9BE516E4-0757-4644-96B8-5C3BC1A60D62}.Release|Any CPU.Build.0 = Release|Any CPU
		{C7CE2C45-7C7E-4DDE-A83F-60C9CF64C862}.Debug|Any CPU.ActiveCfg = Debug|Any CPU
		{C7CE2C45-7C7E-4DDE-A83F-60C9CF64C862}.Debug|Any CPU.Build.0 = Debug|Any CPU
		{C7CE2C45-7C7E-4DDE-A83F-60C9CF64C862}.Release|Any CPU.ActiveCfg = Release|Any CPU
		{C7CE2C45-7C7E-4DDE-A83F-60C9CF64C862}.Release|Any CPU.Build.0 = Release|Any CPU
		{CDD399C4-05E6-4185-83B9-022E3BF0D5C8}.Debug|Any CPU.ActiveCfg = Debug|Any CPU
		{CDD399C4-05E6-4185-83B9-022E3BF0D5C8}.Debug|Any CPU.Build.0 = Debug|Any CPU
		{CDD399C4-05E6-4185-83B9-022E3BF0D5C8}.Release|Any CPU.ActiveCfg = Release|Any CPU
		{CDD399C4-05E6-4185-83B9-022E3BF0D5C8}.Release|Any CPU.Build.0 = Release|Any CPU
		{B514E163-6666-4B74-8E3D-7C0A4C2B1EC1}.Debug|Any CPU.ActiveCfg = Debug|Any CPU
		{B514E163-6666-4B74-8E3D-7C0A4C2B1EC1}.Debug|Any CPU.Build.0 = Debug|Any CPU
		{B514E163-6666-4B74-8E3D-7C0A4C2B1EC1}.Release|Any CPU.ActiveCfg = Release|Any CPU
		{B514E163-6666-4B74-8E3D-7C0A4C2B1EC1}.Release|Any CPU.Build.0 = Release|Any CPU
		{0EBB59F0-BB9E-4662-B2C8-2C5EA989BD92}.Debug|Any CPU.ActiveCfg = Debug|Any CPU
		{0EBB59F0-BB9E-4662-B2C8-2C5EA989BD92}.Debug|Any CPU.Build.0 = Debug|Any CPU
		{0EBB59F0-BB9E-4662-B2C8-2C5EA989BD92}.Release|Any CPU.ActiveCfg = Release|Any CPU
		{0EBB59F0-BB9E-4662-B2C8-2C5EA989BD92}.Release|Any CPU.Build.0 = Release|Any CPU
		{4020FB80-DCDE-4C3F-933D-A4251FAA0E8B}.Debug|Any CPU.ActiveCfg = Debug|Any CPU
		{4020FB80-DCDE-4C3F-933D-A4251FAA0E8B}.Debug|Any CPU.Build.0 = Debug|Any CPU
		{4020FB80-DCDE-4C3F-933D-A4251FAA0E8B}.Release|Any CPU.ActiveCfg = Release|Any CPU
		{4020FB80-DCDE-4C3F-933D-A4251FAA0E8B}.Release|Any CPU.Build.0 = Release|Any CPU
		{4FF2AF31-7498-479A-BA29-C67D853DF1C3}.Debug|Any CPU.ActiveCfg = Debug|Any CPU
		{4FF2AF31-7498-479A-BA29-C67D853DF1C3}.Debug|Any CPU.Build.0 = Debug|Any CPU
		{4FF2AF31-7498-479A-BA29-C67D853DF1C3}.Release|Any CPU.ActiveCfg = Release|Any CPU
		{4FF2AF31-7498-479A-BA29-C67D853DF1C3}.Release|Any CPU.Build.0 = Release|Any CPU
		{C3BCEC17-F7F3-4A7C-B403-788EA4C30F05}.Debug|Any CPU.ActiveCfg = Debug|Any CPU
		{C3BCEC17-F7F3-4A7C-B403-788EA4C30F05}.Debug|Any CPU.Build.0 = Debug|Any CPU
		{C3BCEC17-F7F3-4A7C-B403-788EA4C30F05}.Release|Any CPU.ActiveCfg = Release|Any CPU
		{C3BCEC17-F7F3-4A7C-B403-788EA4C30F05}.Release|Any CPU.Build.0 = Release|Any CPU
		{F1B0CE4C-41B9-46F9-96CE-671651B975FE}.Debug|Any CPU.ActiveCfg = Debug|Any CPU
		{F1B0CE4C-41B9-46F9-96CE-671651B975FE}.Debug|Any CPU.Build.0 = Debug|Any CPU
		{F1B0CE4C-41B9-46F9-96CE-671651B975FE}.Release|Any CPU.ActiveCfg = Release|Any CPU
		{F1B0CE4C-41B9-46F9-96CE-671651B975FE}.Release|Any CPU.Build.0 = Release|Any CPU
		{7380AF68-8ECC-4C2E-BC98-47CD3297108E}.Debug|Any CPU.ActiveCfg = Debug|Any CPU
		{7380AF68-8ECC-4C2E-BC98-47CD3297108E}.Debug|Any CPU.Build.0 = Debug|Any CPU
		{7380AF68-8ECC-4C2E-BC98-47CD3297108E}.Release|Any CPU.ActiveCfg = Release|Any CPU
		{7380AF68-8ECC-4C2E-BC98-47CD3297108E}.Release|Any CPU.Build.0 = Release|Any CPU
		{726D78DA-A2EC-4D6F-B305-2C5865263252}.Debug|Any CPU.ActiveCfg = Debug|Any CPU
		{726D78DA-A2EC-4D6F-B305-2C5865263252}.Debug|Any CPU.Build.0 = Debug|Any CPU
		{726D78DA-A2EC-4D6F-B305-2C5865263252}.Release|Any CPU.ActiveCfg = Release|Any CPU
		{726D78DA-A2EC-4D6F-B305-2C5865263252}.Release|Any CPU.Build.0 = Release|Any CPU
		{B29CFDC6-AB7D-4074-98F3-C0CFEC9B4EFD}.Debug|Any CPU.ActiveCfg = Debug|Any CPU
		{B29CFDC6-AB7D-4074-98F3-C0CFEC9B4EFD}.Debug|Any CPU.Build.0 = Debug|Any CPU
		{B29CFDC6-AB7D-4074-98F3-C0CFEC9B4EFD}.Release|Any CPU.ActiveCfg = Release|Any CPU
		{B29CFDC6-AB7D-4074-98F3-C0CFEC9B4EFD}.Release|Any CPU.Build.0 = Release|Any CPU
		{31E01F21-F322-4A96-8D76-0F5555A55578}.Debug|Any CPU.ActiveCfg = Debug|Any CPU
		{31E01F21-F322-4A96-8D76-0F5555A55578}.Debug|Any CPU.Build.0 = Debug|Any CPU
		{31E01F21-F322-4A96-8D76-0F5555A55578}.Release|Any CPU.ActiveCfg = Release|Any CPU
		{31E01F21-F322-4A96-8D76-0F5555A55578}.Release|Any CPU.Build.0 = Release|Any CPU
		{092B0403-342D-4DA8-82FC-613C5D028920}.Debug|Any CPU.ActiveCfg = Debug|Any CPU
		{092B0403-342D-4DA8-82FC-613C5D028920}.Debug|Any CPU.Build.0 = Debug|Any CPU
		{092B0403-342D-4DA8-82FC-613C5D028920}.Release|Any CPU.ActiveCfg = Release|Any CPU
		{092B0403-342D-4DA8-82FC-613C5D028920}.Release|Any CPU.Build.0 = Release|Any CPU
		{18632DC1-3D50-46BC-99DA-AFA0E191387B}.Debug|Any CPU.ActiveCfg = Debug|Any CPU
		{18632DC1-3D50-46BC-99DA-AFA0E191387B}.Debug|Any CPU.Build.0 = Debug|Any CPU
		{18632DC1-3D50-46BC-99DA-AFA0E191387B}.Release|Any CPU.ActiveCfg = Release|Any CPU
		{18632DC1-3D50-46BC-99DA-AFA0E191387B}.Release|Any CPU.Build.0 = Release|Any CPU
		{9EEA7EFD-C80E-4199-8F09-E66BE722B182}.Debug|Any CPU.ActiveCfg = Debug|Any CPU
		{9EEA7EFD-C80E-4199-8F09-E66BE722B182}.Debug|Any CPU.Build.0 = Debug|Any CPU
		{9EEA7EFD-C80E-4199-8F09-E66BE722B182}.Release|Any CPU.ActiveCfg = Release|Any CPU
		{9EEA7EFD-C80E-4199-8F09-E66BE722B182}.Release|Any CPU.Build.0 = Release|Any CPU
		{84ED4F03-9F26-4038-918A-4EB557EF6B3D}.Debug|Any CPU.ActiveCfg = Debug|Any CPU
		{84ED4F03-9F26-4038-918A-4EB557EF6B3D}.Debug|Any CPU.Build.0 = Debug|Any CPU
		{84ED4F03-9F26-4038-918A-4EB557EF6B3D}.Release|Any CPU.ActiveCfg = Release|Any CPU
		{84ED4F03-9F26-4038-918A-4EB557EF6B3D}.Release|Any CPU.Build.0 = Release|Any CPU
	EndGlobalSection
	GlobalSection(SolutionProperties) = preSolution
		HideSolutionNode = FALSE
	EndGlobalSection
	GlobalSection(NestedProjects) = preSolution
		{8EA4BCC3-BAF7-4DFE-B866-D56E1DB6B21E} = {8D0B52A0-4C48-4BCC-91B9-BD40B9E57DF1}
		{65114288-C2ED-4BE9-AC85-5092B3BA56EE} = {88FEF62E-FF1B-4342-B4B6-689A1580C1F5}
		{33F30B01-5F4B-4B4E-B383-D2FEDC5A1490} = {88FEF62E-FF1B-4342-B4B6-689A1580C1F5}
		{3FE993FD-0EB1-41F3-8205-55B96460BF96} = {88FEF62E-FF1B-4342-B4B6-689A1580C1F5}
		{58C6F629-3067-4384-92A6-C0FA5047E699} = {88FEF62E-FF1B-4342-B4B6-689A1580C1F5}
		{854F79E2-B64F-4A75-8885-0F0C33E12759} = {88FEF62E-FF1B-4342-B4B6-689A1580C1F5}
		{579624A6-B2AF-4C5B-8303-BBC3B8FE4CAA} = {88FEF62E-FF1B-4342-B4B6-689A1580C1F5}
		{C62FA4A1-D2E9-470C-A4D8-F28D4645A245} = {51FEC42B-4525-477B-A25A-CD20AFCBD2CB}
		{92B8D435-6CEB-4E34-B150-664FFDA6F23F} = {51FEC42B-4525-477B-A25A-CD20AFCBD2CB}
		{B6D3A59A-D600-4667-BA23-38B054A8264E} = {51FEC42B-4525-477B-A25A-CD20AFCBD2CB}
		{B1647D54-40D6-49F5-A710-EF46C35AF3FB} = {51FEC42B-4525-477B-A25A-CD20AFCBD2CB}
		{D463A82D-C9C3-45A7-87C1-A457B715C872} = {51FEC42B-4525-477B-A25A-CD20AFCBD2CB}
		{0F92E61A-40B7-4490-97E2-3B66C85FAAD1} = {51FEC42B-4525-477B-A25A-CD20AFCBD2CB}
		{B6E4D7D1-423F-4489-B8F3-C36C242943E0} = {E22D5685-5829-4461-A6F7-99A3395E255F}
		{719AE190-DE83-4A8C-9582-888F916D2F5F} = {E22D5685-5829-4461-A6F7-99A3395E255F}
		{049BE385-F1E7-40E9-88D3-B27C903ED408} = {E22D5685-5829-4461-A6F7-99A3395E255F}
		{B882574D-02D1-42B6-9070-A9EA7313AEEF} = {E22D5685-5829-4461-A6F7-99A3395E255F}
		{58B27701-3334-4A12-8DAF-48530F408C70} = {E22D5685-5829-4461-A6F7-99A3395E255F}
		{A46218F2-6369-405A-A818-D85B97217A21} = {E22D5685-5829-4461-A6F7-99A3395E255F}
		{1CCDE1FD-5E0A-423B-8E3F-9EE5D019FE36} = {37217281-23B6-4BD1-A84A-9B327EEE1CB3}
		{DE2E5C20-312B-4B09-B26E-B21C4A9957EC} = {37217281-23B6-4BD1-A84A-9B327EEE1CB3}
		{61BAD027-2C70-4BE2-BE49-6720B3C83733} = {37217281-23B6-4BD1-A84A-9B327EEE1CB3}
		{62D2E7AB-9690-4698-8235-376C0E7986AB} = {37217281-23B6-4BD1-A84A-9B327EEE1CB3}
		{561F5A3B-DCC0-48ED-ACFE-652D356F5FE8} = {37217281-23B6-4BD1-A84A-9B327EEE1CB3}
		{F09DB0FE-F44E-4B91-A459-5B5A9531FF53} = {37217281-23B6-4BD1-A84A-9B327EEE1CB3}
		{30E9B1A3-3B06-4AA0-800B-472681205B44} = {AEC19FD1-D46C-423A-920F-3E0871B6A27C}
		{595B3C61-A085-4BDE-8C1C-5DDA9A0233EE} = {AEC19FD1-D46C-423A-920F-3E0871B6A27C}
		{276C5DC9-3EC1-4967-A949-67DA3CFBA751} = {AEC19FD1-D46C-423A-920F-3E0871B6A27C}
		{E6ABD03F-49EC-46CB-8811-10D15C736D22} = {AEC19FD1-D46C-423A-920F-3E0871B6A27C}
		{3C19F6DE-070D-48D2-8BC9-A93C6B5D31E2} = {AEC19FD1-D46C-423A-920F-3E0871B6A27C}
		{001A7822-AFD6-4062-9829-B1CD94A1E7F8} = {AEC19FD1-D46C-423A-920F-3E0871B6A27C}
		{00C0FB84-F51D-4555-BEE5-81B49FCF5BC7} = {AEC19FD1-D46C-423A-920F-3E0871B6A27C}
		{38970620-52BE-4539-B9D5-678A99BC0744} = {2E7DA96D-AE98-424C-BE05-F3B73A4DA143}
		{DFC00264-CF84-4871-AAD5-DA9B1808813B} = {27065FD3-39A9-4714-A419-7D033AA1FBC5}
		{E74F1F62-3740-4B13-B6D1-B862AAF1F890} = {27065FD3-39A9-4714-A419-7D033AA1FBC5}
		{B8DFC807-1B40-4787-BA1A-897F9D155640} = {27065FD3-39A9-4714-A419-7D033AA1FBC5}
		{9CFE887B-60B8-47F7-96C9-522F23ACF64F} = {27065FD3-39A9-4714-A419-7D033AA1FBC5}
		{C5055B33-FBEE-49D5-96C6-7DEF3435F5BC} = {27065FD3-39A9-4714-A419-7D033AA1FBC5}
		{B39D8287-1C79-4F69-8425-78F0973BC7F5} = {1E4A79D4-899E-49B3-BE88-580AF831C782}
		{9BE516E4-0757-4644-96B8-5C3BC1A60D62} = {1E4A79D4-899E-49B3-BE88-580AF831C782}
		{C7CE2C45-7C7E-4DDE-A83F-60C9CF64C862} = {82361BCA-B293-45DE-8D12-4DF03FFFF28D}
		{CDD399C4-05E6-4185-83B9-022E3BF0D5C8} = {82361BCA-B293-45DE-8D12-4DF03FFFF28D}
		{B514E163-6666-4B74-8E3D-7C0A4C2B1EC1} = {82361BCA-B293-45DE-8D12-4DF03FFFF28D}
		{0EBB59F0-BB9E-4662-B2C8-2C5EA989BD92} = {82361BCA-B293-45DE-8D12-4DF03FFFF28D}
		{4020FB80-DCDE-4C3F-933D-A4251FAA0E8B} = {82361BCA-B293-45DE-8D12-4DF03FFFF28D}
		{4FF2AF31-7498-479A-BA29-C67D853DF1C3} = {82361BCA-B293-45DE-8D12-4DF03FFFF28D}
		{C3BCEC17-F7F3-4A7C-B403-788EA4C30F05} = {5D1F31AF-90F7-458A-BF2E-DB0C3C98D102}
		{F1B0CE4C-41B9-46F9-96CE-671651B975FE} = {5D1F31AF-90F7-458A-BF2E-DB0C3C98D102}
		{7380AF68-8ECC-4C2E-BC98-47CD3297108E} = {5D1F31AF-90F7-458A-BF2E-DB0C3C98D102}
		{726D78DA-A2EC-4D6F-B305-2C5865263252} = {5D1F31AF-90F7-458A-BF2E-DB0C3C98D102}
		{B29CFDC6-AB7D-4074-98F3-C0CFEC9B4EFD} = {E9E458A9-BD76-422B-983D-6A83FB304D54}
		{31E01F21-F322-4A96-8D76-0F5555A55578} = {E9E458A9-BD76-422B-983D-6A83FB304D54}
		{092B0403-342D-4DA8-82FC-613C5D028920} = {E9E458A9-BD76-422B-983D-6A83FB304D54}
		{18632DC1-3D50-46BC-99DA-AFA0E191387B} = {E9E458A9-BD76-422B-983D-6A83FB304D54}
		{9EEA7EFD-C80E-4199-8F09-E66BE722B182} = {E9E458A9-BD76-422B-983D-6A83FB304D54}
		{84ED4F03-9F26-4038-918A-4EB557EF6B3D} = {E9E458A9-BD76-422B-983D-6A83FB304D54}
	EndGlobalSection
	GlobalSection(ExtensibilityGlobals) = postSolution
		SolutionGuid = {E8692889-4E5B-4C70-8DE2-B7FDC03D7A43}
	EndGlobalSection
EndGlobal
